
Microsoft Visual Studio Solution File, Format Version 12.00
# Visual Studio Version 16
VisualStudioVersion = 16.0.31729.503
MinimumVisualStudioVersion = 10.0.40219.1
Project("{9A19103F-16F7-4668-BE54-9A1E7A4F7556}") = "Startup", "DatagridTest2\Startup.csproj", "{5F09C176-4F15-455A-A252-3B0774C526F6}"
EndProject
Project("{9A19103F-16F7-4668-BE54-9A1E7A4F7556}") = "DatagridTest2.Converters", "DatagridTest2.Converters\DatagridTest2.Converters.csproj", "{8D2C8AB4-0991-4AEA-BA8D-6EDD889A0C6F}"
EndProject
Project("{9A19103F-16F7-4668-BE54-9A1E7A4F7556}") = "DatagridTest2.Ressources", "DatagridTest2.Ressources\DatagridTest2.Ressources.csproj", "{8653A892-1897-4B77-A6A1-A4B041CD8877}"
EndProject
Project("{9A19103F-16F7-4668-BE54-9A1E7A4F7556}") = "DatagridTest2.ViewModels", "DatagridTest2.ViewModels\DatagridTest2.ViewModels.csproj", "{4B0C7951-B1E1-4C5B-8276-31BCBC4F41EC}"
EndProject
Project("{9A19103F-16F7-4668-BE54-9A1E7A4F7556}") = "DatagridTest2.Models", "DatagridTest2.Models\DatagridTest2.Models.csproj", "{D1EF5073-F4FF-47E4-BE74-76F09433430A}"
EndProject
Project("{9A19103F-16F7-4668-BE54-9A1E7A4F7556}") = "DatagridTest2.EFramework", "DatagridTest2.EFramework\DatagridTest2.EFramework.csproj", "{196B7AFE-0AC5-4C7E-9FC9-22EA41446E18}"
EndProject
Project("{FAE04EC0-301F-11D3-BF4B-00C04F79EFBC}") = "DatagridTest2.Views", "DatagridTest2.Views\DatagridTest2.Views.csproj", "{473B30A3-7AA0-42DF-A748-0679D1FB0339}"
EndProject
Global
	GlobalSection(SolutionConfigurationPlatforms) = preSolution
		Debug|Any CPU = Debug|Any CPU
		Release|Any CPU = Release|Any CPU
	EndGlobalSection
	GlobalSection(ProjectConfigurationPlatforms) = postSolution
		{5F09C176-4F15-455A-A252-3B0774C526F6}.Debug|Any CPU.ActiveCfg = Debug|Any CPU
		{5F09C176-4F15-455A-A252-3B0774C526F6}.Debug|Any CPU.Build.0 = Debug|Any CPU
		{5F09C176-4F15-455A-A252-3B0774C526F6}.Release|Any CPU.ActiveCfg = Release|Any CPU
		{5F09C176-4F15-455A-A252-3B0774C526F6}.Release|Any CPU.Build.0 = Release|Any CPU
		{8D2C8AB4-0991-4AEA-BA8D-6EDD889A0C6F}.Debug|Any CPU.ActiveCfg = Debug|Any CPU
		{8D2C8AB4-0991-4AEA-BA8D-6EDD889A0C6F}.Debug|Any CPU.Build.0 = Debug|Any CPU
		{8D2C8AB4-0991-4AEA-BA8D-6EDD889A0C6F}.Release|Any CPU.ActiveCfg = Release|Any CPU
		{8D2C8AB4-0991-4AEA-BA8D-6EDD889A0C6F}.Release|Any CPU.Build.0 = Release|Any CPU
		{8653A892-1897-4B77-A6A1-A4B041CD8877}.Debug|Any CPU.ActiveCfg = Debug|Any CPU
		{8653A892-1897-4B77-A6A1-A4B041CD8877}.Debug|Any CPU.Build.0 = Debug|Any CPU
		{8653A892-1897-4B77-A6A1-A4B041CD8877}.Release|Any CPU.ActiveCfg = Release|Any CPU
		{8653A892-1897-4B77-A6A1-A4B041CD8877}.Release|Any CPU.Build.0 = Release|Any CPU
		{4B0C7951-B1E1-4C5B-8276-31BCBC4F41EC}.Debug|Any CPU.ActiveCfg = Debug|Any CPU
		{4B0C7951-B1E1-4C5B-8276-31BCBC4F41EC}.Debug|Any CPU.Build.0 = Debug|Any CPU
		{4B0C7951-B1E1-4C5B-8276-31BCBC4F41EC}.Release|Any CPU.ActiveCfg = Release|Any CPU
		{4B0C7951-B1E1-4C5B-8276-31BCBC4F41EC}.Release|Any CPU.Build.0 = Release|Any CPU
		{D1EF5073-F4FF-47E4-BE74-76F09433430A}.Debug|Any CPU.ActiveCfg = Debug|Any CPU
		{D1EF5073-F4FF-47E4-BE74-76F09433430A}.Debug|Any CPU.Build.0 = Debug|Any CPU
		{D1EF5073-F4FF-47E4-BE74-76F09433430A}.Release|Any CPU.ActiveCfg = Release|Any CPU
		{D1EF5073-F4FF-47E4-BE74-76F09433430A}.Release|Any CPU.Build.0 = Release|Any CPU
		{196B7AFE-0AC5-4C7E-9FC9-22EA41446E18}.Debug|Any CPU.ActiveCfg = Debug|Any CPU
		{196B7AFE-0AC5-4C7E-9FC9-22EA41446E18}.Debug|Any CPU.Build.0 = Debug|Any CPU
		{196B7AFE-0AC5-4C7E-9FC9-22EA41446E18}.Release|Any CPU.ActiveCfg = Release|Any CPU
		{196B7AFE-0AC5-4C7E-9FC9-22EA41446E18}.Release|Any CPU.Build.0 = Release|Any CPU
		{473B30A3-7AA0-42DF-A748-0679D1FB0339}.Debug|Any CPU.ActiveCfg = Debug|Any CPU
		{473B30A3-7AA0-42DF-A748-0679D1FB0339}.Debug|Any CPU.Build.0 = Debug|Any CPU
		{473B30A3-7AA0-42DF-A748-0679D1FB0339}.Release|Any CPU.ActiveCfg = Release|Any CPU
		{473B30A3-7AA0-42DF-A748-0679D1FB0339}.Release|Any CPU.Build.0 = Release|Any CPU
	EndGlobalSection
	GlobalSection(SolutionProperties) = preSolution
		HideSolutionNode = FALSE
	EndGlobalSection
	GlobalSection(ExtensibilityGlobals) = postSolution
		SolutionGuid = {39A5A6CD-B038-4795-B00D-95DE5C000E23}
	EndGlobalSection
EndGlobal
